
Microsoft Visual Studio Solution File, Format Version 12.00
# Visual Studio 14
VisualStudioVersion = 14.0.23107.0
MinimumVisualStudioVersion = 10.0.40219.1
Project("{FAE04EC0-301F-11D3-BF4B-00C04F79EFBC}") = "ysi.tools.email.webapi", "ysi.tools.email.webapi\ysi.tools.email.webapi.csproj", "{60BA08F7-8E7A-49D6-A1F4-2B8BC16DBD56}"
EndProject
Project("{FAE04EC0-301F-11D3-BF4B-00C04F79EFBC}") = "ysi.tools.email.webapi.Tests", "ysi.tools.email.webapi.Tests\ysi.tools.email.webapi.Tests.csproj", "{951594B6-E5D4-481F-99F3-C24EB538FFDC}"
EndProject
Global
	GlobalSection(SolutionConfigurationPlatforms) = preSolution
		Debug|Any CPU = Debug|Any CPU
		Release|Any CPU = Release|Any CPU
	EndGlobalSection
	GlobalSection(ProjectConfigurationPlatforms) = postSolution
		{60BA08F7-8E7A-49D6-A1F4-2B8BC16DBD56}.Debug|Any CPU.ActiveCfg = Debug|Any CPU
		{60BA08F7-8E7A-49D6-A1F4-2B8BC16DBD56}.Debug|Any CPU.Build.0 = Debug|Any CPU
		{60BA08F7-8E7A-49D6-A1F4-2B8BC16DBD56}.Release|Any CPU.ActiveCfg = Release|Any CPU
		{60BA08F7-8E7A-49D6-A1F4-2B8BC16DBD56}.Release|Any CPU.Build.0 = Release|Any CPU
		{951594B6-E5D4-481F-99F3-C24EB538FFDC}.Debug|Any CPU.ActiveCfg = Debug|Any CPU
		{951594B6-E5D4-481F-99F3-C24EB538FFDC}.Debug|Any CPU.Build.0 = Debug|Any CPU
		{951594B6-E5D4-481F-99F3-C24EB538FFDC}.Release|Any CPU.ActiveCfg = Release|Any CPU
		{951594B6-E5D4-481F-99F3-C24EB538FFDC}.Release|Any CPU.Build.0 = Release|Any CPU
	EndGlobalSection
	GlobalSection(SolutionProperties) = preSolution
		HideSolutionNode = FALSE
	EndGlobalSection
EndGlobal
